
Microsoft Visual Studio Solution File, Format Version 12.00
# Visual Studio Version 17
VisualStudioVersion = 17.2.32616.157
MinimumVisualStudioVersion = 10.0.40219.1
Project("{9A19103F-16F7-4668-BE54-9A1E7A4F7556}") = "CoreProje", "CoreProje\CoreProje.csproj", "{4AA9C8D5-4242-4F6D-9DAB-962924F15555}"
EndProject
Project("{9A19103F-16F7-4668-BE54-9A1E7A4F7556}") = "BusinessLayer", "BusinessLayer\BusinessLayer.csproj", "{FF12E68E-983B-4BDD-8634-299AAC3B3BA8}"
EndProject
Project("{9A19103F-16F7-4668-BE54-9A1E7A4F7556}") = "DataAccessLayer", "DataAccessLayer\DataAccessLayer.csproj", "{0FD926FE-0A6A-44DC-9DF0-B9897076A4EC}"
EndProject
Project("{9A19103F-16F7-4668-BE54-9A1E7A4F7556}") = "EntityLayer", "EntityLayer\EntityLayer.csproj", "{D36CD4CB-D4C9-49DC-AE75-A876A7FB0E9D}"
EndProject
Project("{FAE04EC0-301F-11D3-BF4B-00C04F79EFBC}") = "Core_Proje_Api", "Core_Proje_Api\Core_Proje_Api.csproj", "{ADE80DF4-965A-47E2-8DED-0B591962BF37}"
EndProject
Global
	GlobalSection(SolutionConfigurationPlatforms) = preSolution
		Debug|Any CPU = Debug|Any CPU
		Release|Any CPU = Release|Any CPU
	EndGlobalSection
	GlobalSection(ProjectConfigurationPlatforms) = postSolution
		{4AA9C8D5-4242-4F6D-9DAB-962924F15555}.Debug|Any CPU.ActiveCfg = Debug|Any CPU
		{4AA9C8D5-4242-4F6D-9DAB-962924F15555}.Debug|Any CPU.Build.0 = Debug|Any CPU
		{4AA9C8D5-4242-4F6D-9DAB-962924F15555}.Release|Any CPU.ActiveCfg = Release|Any CPU
		{4AA9C8D5-4242-4F6D-9DAB-962924F15555}.Release|Any CPU.Build.0 = Release|Any CPU
		{FF12E68E-983B-4BDD-8634-299AAC3B3BA8}.Debug|Any CPU.ActiveCfg = Debug|Any CPU
		{FF12E68E-983B-4BDD-8634-299AAC3B3BA8}.Debug|Any CPU.Build.0 = Debug|Any CPU
		{FF12E68E-983B-4BDD-8634-299AAC3B3BA8}.Release|Any CPU.ActiveCfg = Release|Any CPU
		{FF12E68E-983B-4BDD-8634-299AAC3B3BA8}.Release|Any CPU.Build.0 = Release|Any CPU
		{0FD926FE-0A6A-44DC-9DF0-B9897076A4EC}.Debug|Any CPU.ActiveCfg = Debug|Any CPU
		{0FD926FE-0A6A-44DC-9DF0-B9897076A4EC}.Debug|Any CPU.Build.0 = Debug|Any CPU
		{0FD926FE-0A6A-44DC-9DF0-B9897076A4EC}.Release|Any CPU.ActiveCfg = Release|Any CPU
		{0FD926FE-0A6A-44DC-9DF0-B9897076A4EC}.Release|Any CPU.Build.0 = Release|Any CPU
		{D36CD4CB-D4C9-49DC-AE75-A876A7FB0E9D}.Debug|Any CPU.ActiveCfg = Debug|Any CPU
		{D36CD4CB-D4C9-49DC-AE75-A876A7FB0E9D}.Debug|Any CPU.Build.0 = Debug|Any CPU
		{D36CD4CB-D4C9-49DC-AE75-A876A7FB0E9D}.Release|Any CPU.ActiveCfg = Release|Any CPU
		{D36CD4CB-D4C9-49DC-AE75-A876A7FB0E9D}.Release|Any CPU.Build.0 = Release|Any CPU
		{ADE80DF4-965A-47E2-8DED-0B591962BF37}.Debug|Any CPU.ActiveCfg = Debug|Any CPU
		{ADE80DF4-965A-47E2-8DED-0B591962BF37}.Debug|Any CPU.Build.0 = Debug|Any CPU
		{ADE80DF4-965A-47E2-8DED-0B591962BF37}.Release|Any CPU.ActiveCfg = Release|Any CPU
		{ADE80DF4-965A-47E2-8DED-0B591962BF37}.Release|Any CPU.Build.0 = Release|Any CPU
	EndGlobalSection
	GlobalSection(SolutionProperties) = preSolution
		HideSolutionNode = FALSE
	EndGlobalSection
	GlobalSection(ExtensibilityGlobals) = postSolution
		SolutionGuid = {ACE145ED-6EDD-43DD-9662-6D56D8ABD4C2}
	EndGlobalSection
EndGlobal
